
Microsoft Visual Studio Solution File, Format Version 12.00
# Visual Studio 2012
Project("{8BC9CEB8-8B4A-11D0-8D11-00A0C91BC942}") = "HW_6_5", "HW_6_5\HW_6_5.vcxproj", "{3BE04544-A159-48A5-9997-200825AD901F}"
EndProject
Global
	GlobalSection(SolutionConfigurationPlatforms) = preSolution
		Debug|Win32 = Debug|Win32
		Release|Win32 = Release|Win32
	EndGlobalSection
	GlobalSection(ProjectConfigurationPlatforms) = postSolution
		{3BE04544-A159-48A5-9997-200825AD901F}.Debug|Win32.ActiveCfg = Debug|Win32
		{3BE04544-A159-48A5-9997-200825AD901F}.Debug|Win32.Build.0 = Debug|Win32
		{3BE04544-A159-48A5-9997-200825AD901F}.Release|Win32.ActiveCfg = Release|Win32
		{3BE04544-A159-48A5-9997-200825AD901F}.Release|Win32.Build.0 = Release|Win32
	EndGlobalSection
	GlobalSection(SolutionProperties) = preSolution
		HideSolutionNode = FALSE
	EndGlobalSection
EndGlobal
