
Microsoft Visual Studio Solution File, Format Version 12.00
# Visual Studio 2012
Project("{8BC9CEB8-8B4A-11D0-8D11-00A0C91BC942}") = "HW_3_3", "HW_3_3\HW_3_3.vcxproj", "{F54AE110-7E87-40F4-9CA7-876AC49C8EF7}"
EndProject
Global
	GlobalSection(SolutionConfigurationPlatforms) = preSolution
		Debug|Win32 = Debug|Win32
		Release|Win32 = Release|Win32
	EndGlobalSection
	GlobalSection(ProjectConfigurationPlatforms) = postSolution
		{F54AE110-7E87-40F4-9CA7-876AC49C8EF7}.Debug|Win32.ActiveCfg = Debug|Win32
		{F54AE110-7E87-40F4-9CA7-876AC49C8EF7}.Debug|Win32.Build.0 = Debug|Win32
		{F54AE110-7E87-40F4-9CA7-876AC49C8EF7}.Release|Win32.ActiveCfg = Release|Win32
		{F54AE110-7E87-40F4-9CA7-876AC49C8EF7}.Release|Win32.Build.0 = Release|Win32
	EndGlobalSection
	GlobalSection(SolutionProperties) = preSolution
		HideSolutionNode = FALSE
	EndGlobalSection
EndGlobal
