
Microsoft Visual Studio Solution File, Format Version 12.00
# Visual Studio 2012
Project("{8BC9CEB8-8B4A-11D0-8D11-00A0C91BC942}") = "HW_7_3", "HW_7_3\HW_7_3.vcxproj", "{66415C7C-2398-4F3D-9728-A14A2DB8171A}"
EndProject
Global
	GlobalSection(SolutionConfigurationPlatforms) = preSolution
		Debug|Win32 = Debug|Win32
		Release|Win32 = Release|Win32
	EndGlobalSection
	GlobalSection(ProjectConfigurationPlatforms) = postSolution
		{66415C7C-2398-4F3D-9728-A14A2DB8171A}.Debug|Win32.ActiveCfg = Debug|Win32
		{66415C7C-2398-4F3D-9728-A14A2DB8171A}.Debug|Win32.Build.0 = Debug|Win32
		{66415C7C-2398-4F3D-9728-A14A2DB8171A}.Release|Win32.ActiveCfg = Release|Win32
		{66415C7C-2398-4F3D-9728-A14A2DB8171A}.Release|Win32.Build.0 = Release|Win32
	EndGlobalSection
	GlobalSection(SolutionProperties) = preSolution
		HideSolutionNode = FALSE
	EndGlobalSection
EndGlobal
