
Microsoft Visual Studio Solution File, Format Version 12.00
# Visual Studio 2012
Project("{8BC9CEB8-8B4A-11D0-8D11-00A0C91BC942}") = "HW_2_7", "HW_2_7\HW_2_7.vcxproj", "{EB7CD603-31F6-47A0-BADD-65F99BE3B0E6}"
EndProject
Global
	GlobalSection(SolutionConfigurationPlatforms) = preSolution
		Debug|Win32 = Debug|Win32
		Release|Win32 = Release|Win32
	EndGlobalSection
	GlobalSection(ProjectConfigurationPlatforms) = postSolution
		{EB7CD603-31F6-47A0-BADD-65F99BE3B0E6}.Debug|Win32.ActiveCfg = Debug|Win32
		{EB7CD603-31F6-47A0-BADD-65F99BE3B0E6}.Debug|Win32.Build.0 = Debug|Win32
		{EB7CD603-31F6-47A0-BADD-65F99BE3B0E6}.Release|Win32.ActiveCfg = Release|Win32
		{EB7CD603-31F6-47A0-BADD-65F99BE3B0E6}.Release|Win32.Build.0 = Release|Win32
	EndGlobalSection
	GlobalSection(SolutionProperties) = preSolution
		HideSolutionNode = FALSE
	EndGlobalSection
EndGlobal
