
Microsoft Visual Studio Solution File, Format Version 12.00
# Visual Studio 2012
Project("{8BC9CEB8-8B4A-11D0-8D11-00A0C91BC942}") = "HW_7_4", "HW_7_4\HW_7_4.vcxproj", "{7B617FB8-BB28-42EC-883E-4A9F55B87AE0}"
EndProject
Global
	GlobalSection(SolutionConfigurationPlatforms) = preSolution
		Debug|Win32 = Debug|Win32
		Release|Win32 = Release|Win32
	EndGlobalSection
	GlobalSection(ProjectConfigurationPlatforms) = postSolution
		{7B617FB8-BB28-42EC-883E-4A9F55B87AE0}.Debug|Win32.ActiveCfg = Debug|Win32
		{7B617FB8-BB28-42EC-883E-4A9F55B87AE0}.Debug|Win32.Build.0 = Debug|Win32
		{7B617FB8-BB28-42EC-883E-4A9F55B87AE0}.Release|Win32.ActiveCfg = Release|Win32
		{7B617FB8-BB28-42EC-883E-4A9F55B87AE0}.Release|Win32.Build.0 = Release|Win32
	EndGlobalSection
	GlobalSection(SolutionProperties) = preSolution
		HideSolutionNode = FALSE
	EndGlobalSection
EndGlobal
